
Microsoft Visual Studio Solution File, Format Version 12.00
# Visual Studio Version 17
VisualStudioVersion = 17.10.35027.167
MinimumVisualStudioVersion = 10.0.40219.1
Project("{FAE04EC0-301F-11D3-BF4B-00C04F79EFBC}") = "Figure Geometriche Ereditarietà", "Figure Geometriche Ereditarietà\Figure Geometriche Ereditarietà.csproj", "{9FD4D44C-EC47-4BF0-B1A9-D3619F4B9532}"
EndProject
Global
	GlobalSection(SolutionConfigurationPlatforms) = preSolution
		Debug|Any CPU = Debug|Any CPU
		Release|Any CPU = Release|Any CPU
	EndGlobalSection
	GlobalSection(ProjectConfigurationPlatforms) = postSolution
		{9FD4D44C-EC47-4BF0-B1A9-D3619F4B9532}.Debug|Any CPU.ActiveCfg = Debug|Any CPU
		{9FD4D44C-EC47-4BF0-B1A9-D3619F4B9532}.Debug|Any CPU.Build.0 = Debug|Any CPU
		{9FD4D44C-EC47-4BF0-B1A9-D3619F4B9532}.Release|Any CPU.ActiveCfg = Release|Any CPU
		{9FD4D44C-EC47-4BF0-B1A9-D3619F4B9532}.Release|Any CPU.Build.0 = Release|Any CPU
	EndGlobalSection
	GlobalSection(SolutionProperties) = preSolution
		HideSolutionNode = FALSE
	EndGlobalSection
	GlobalSection(ExtensibilityGlobals) = postSolution
		SolutionGuid = {138B6CC6-25FA-4403-831F-EFCD40C10C51}
	EndGlobalSection
EndGlobal
