
Microsoft Visual Studio Solution File, Format Version 12.00
# Visual Studio Version 17
VisualStudioVersion = 17.10.35027.167
MinimumVisualStudioVersion = 10.0.40219.1
Project("{FAE04EC0-301F-11D3-BF4B-00C04F79EFBC}") = "Grafi", "Grafi\Grafi.csproj", "{15C17242-B91F-4138-B9A5-C3E34178E496}"
EndProject
Global
	GlobalSection(SolutionConfigurationPlatforms) = preSolution
		Debug|Any CPU = Debug|Any CPU
		Release|Any CPU = Release|Any CPU
	EndGlobalSection
	GlobalSection(ProjectConfigurationPlatforms) = postSolution
		{15C17242-B91F-4138-B9A5-C3E34178E496}.Debug|Any CPU.ActiveCfg = Debug|Any CPU
		{15C17242-B91F-4138-B9A5-C3E34178E496}.Debug|Any CPU.Build.0 = Debug|Any CPU
		{15C17242-B91F-4138-B9A5-C3E34178E496}.Release|Any CPU.ActiveCfg = Release|Any CPU
		{15C17242-B91F-4138-B9A5-C3E34178E496}.Release|Any CPU.Build.0 = Release|Any CPU
	EndGlobalSection
	GlobalSection(SolutionProperties) = preSolution
		HideSolutionNode = FALSE
	EndGlobalSection
	GlobalSection(ExtensibilityGlobals) = postSolution
		SolutionGuid = {36CC676E-7199-4B0C-BD6C-0D8673207237}
	EndGlobalSection
EndGlobal
