
Microsoft Visual Studio Solution File, Format Version 12.00
# Visual Studio Version 17
VisualStudioVersion = 17.10.35027.167
MinimumVisualStudioVersion = 10.0.40219.1
Project("{FAE04EC0-301F-11D3-BF4B-00C04F79EFBC}") = "BitArrayClass", "BitArrayClass\BitArrayClass.csproj", "{1DE714C9-D20F-4B2F-8528-44C360ECBF2C}"
EndProject
Global
	GlobalSection(SolutionConfigurationPlatforms) = preSolution
		Debug|Any CPU = Debug|Any CPU
		Release|Any CPU = Release|Any CPU
	EndGlobalSection
	GlobalSection(ProjectConfigurationPlatforms) = postSolution
		{1DE714C9-D20F-4B2F-8528-44C360ECBF2C}.Debug|Any CPU.ActiveCfg = Debug|Any CPU
		{1DE714C9-D20F-4B2F-8528-44C360ECBF2C}.Debug|Any CPU.Build.0 = Debug|Any CPU
		{1DE714C9-D20F-4B2F-8528-44C360ECBF2C}.Release|Any CPU.ActiveCfg = Release|Any CPU
		{1DE714C9-D20F-4B2F-8528-44C360ECBF2C}.Release|Any CPU.Build.0 = Release|Any CPU
	EndGlobalSection
	GlobalSection(SolutionProperties) = preSolution
		HideSolutionNode = FALSE
	EndGlobalSection
	GlobalSection(ExtensibilityGlobals) = postSolution
		SolutionGuid = {978FBEE9-1223-41A5-9020-590F774328E3}
	EndGlobalSection
EndGlobal
