
Microsoft Visual Studio Solution File, Format Version 12.00
# Visual Studio Version 17
VisualStudioVersion = 17.10.35027.167
MinimumVisualStudioVersion = 10.0.40219.1
Project("{FAE04EC0-301F-11D3-BF4B-00C04F79EFBC}") = "OTP_Cryptography", "OTP_Cryptography\OTP_Cryptography.csproj", "{A29BEBEC-380A-4DA4-80AE-49B81D6ADDCC}"
EndProject
Global
	GlobalSection(SolutionConfigurationPlatforms) = preSolution
		Debug|Any CPU = Debug|Any CPU
		Release|Any CPU = Release|Any CPU
	EndGlobalSection
	GlobalSection(ProjectConfigurationPlatforms) = postSolution
		{A29BEBEC-380A-4DA4-80AE-49B81D6ADDCC}.Debug|Any CPU.ActiveCfg = Debug|Any CPU
		{A29BEBEC-380A-4DA4-80AE-49B81D6ADDCC}.Debug|Any CPU.Build.0 = Debug|Any CPU
		{A29BEBEC-380A-4DA4-80AE-49B81D6ADDCC}.Release|Any CPU.ActiveCfg = Release|Any CPU
		{A29BEBEC-380A-4DA4-80AE-49B81D6ADDCC}.Release|Any CPU.Build.0 = Release|Any CPU
	EndGlobalSection
	GlobalSection(SolutionProperties) = preSolution
		HideSolutionNode = FALSE
	EndGlobalSection
	GlobalSection(ExtensibilityGlobals) = postSolution
		SolutionGuid = {D6E6EC6D-F0D9-42F8-8761-DA01FE0FAB73}
	EndGlobalSection
EndGlobal
